Microsoft Visual Studio Solution File, Format Version 12.00
# Visual Studio Version 18
VisualStudioVersion = 18.5.11723.231 stable
MinimumVisualStudioVersion = 10.0.40219.1
Project("{2150E333-8FDC-42A3-9474-1A3956D46DE8}") = "src", "src", "{402AAB9D-7079-4BC1-9919-8BB38D9413D7}"
EndProject
Project("{2150E333-8FDC-42A3-9474-1A3956D46DE8}") = "tests", "tests", "{78DC82E6-0F54-4A7F-8ECC-FD4E746D7394}"
EndProject
Project("{2150E333-8FDC-42A3-9474-1A3956D46DE8}") = "Core", "Core", "{02F1BAA3-0997-46D9-82EA-5306BAA050B4}"
EndProject
Project("{2150E333-8FDC-42A3-9474-1A3956D46DE8}") = "Web", "Web", "{FFFD073A-15F3-4D10-B0BA-78720DFF794C}"
EndProject
Project("{2150E333-8FDC-42A3-9474-1A3956D46DE8}") = "Modules", "Modules", "{8817CD1C-E3DA-4CD6-B9ED-668EAC3A0EFA}"
EndProject
Project("{2150E333-8FDC-42A3-9474-1A3956D46DE8}") = "Common", "Common", "{CF75497C-71A5-42AF-882A-79F626E0CF8A}"
EndProject
Project("{FAE04EC0-301F-11D3-BF4B-00C04F79EFBC}") = "Common", "src\Common\Common.csproj", "{BACB585B-B0FD-4B0C-AECD-281685F58954}"
EndProject
Project("{FAE04EC0-301F-11D3-BF4B-00C04F79EFBC}") = "Core.Application", "src\Core\Core.Application\Core.Application.csproj", "{B73D4345-FD95-4910-89EE-68EA1C70308C}"
EndProject
Project("{FAE04EC0-301F-11D3-BF4B-00C04F79EFBC}") = "Core.Domain", "src\Core\Core.Domain\Core.Domain.csproj", "{D60E2089-E752-4426-9380-A1B34D69F374}"
EndProject
Project("{FAE04EC0-301F-11D3-BF4B-00C04F79EFBC}") = "Core.Infrastructure", "src\Core\Core.Infrastructure\Core.Infrastructure.csproj", "{B409F783-5FDD-4B81-83B4-A69B37A38A6E}"
EndProject
Project("{FAE04EC0-301F-11D3-BF4B-00C04F79EFBC}") = "Core.Persistence", "src\Core\Core.Persistence\Core.Persistence.csproj", "{8BC56388-5B63-400D-883E-19D4E8C6E5E0}"
EndProject
Project("{FAE04EC0-301F-11D3-BF4B-00C04F79EFBC}") = "Core.Shared", "src\Core\Core.Shared\Core.Shared.csproj", "{FA86A9B9-2064-4616-9C67-1521766E7109}"
EndProject
Project("{FAE04EC0-301F-11D3-BF4B-00C04F79EFBC}") = "Jogueja.Api", "src\Web\Jogueja.Api\Jogueja.Api.csproj", "{2F2A14A6-805D-43D5-91E7-BD682B88F3AF}"
EndProject
Global
	GlobalSection(SolutionConfigurationPlatforms) = preSolution
		Debug|Any CPU = Debug|Any CPU
		Release|Any CPU = Release|Any CPU
	EndGlobalSection
	GlobalSection(ProjectConfigurationPlatforms) = postSolution
		{BACB585B-B0FD-4B0C-AECD-281685F58954}.Debug|Any CPU.ActiveCfg = Debug|Any CPU
		{BACB585B-B0FD-4B0C-AECD-281685F58954}.Debug|Any CPU.Build.0 = Debug|Any CPU
		{BACB585B-B0FD-4B0C-AECD-281685F58954}.Release|Any CPU.ActiveCfg = Release|Any CPU
		{BACB585B-B0FD-4B0C-AECD-281685F58954}.Release|Any CPU.Build.0 = Release|Any CPU
		{B73D4345-FD95-4910-89EE-68EA1C70308C}.Debug|Any CPU.ActiveCfg = Debug|Any CPU
		{B73D4345-FD95-4910-89EE-68EA1C70308C}.Debug|Any CPU.Build.0 = Debug|Any CPU
		{B73D4345-FD95-4910-89EE-68EA1C70308C}.Release|Any CPU.ActiveCfg = Release|Any CPU
		{B73D4345-FD95-4910-89EE-68EA1C70308C}.Release|Any CPU.Build.0 = Release|Any CPU
		{D60E2089-E752-4426-9380-A1B34D69F374}.Debug|Any CPU.ActiveCfg = Debug|Any CPU
		{D60E2089-E752-4426-9380-A1B34D69F374}.Debug|Any CPU.Build.0 = Debug|Any CPU
		{D60E2089-E752-4426-9380-A1B34D69F374}.Release|Any CPU.ActiveCfg = Release|Any CPU
		{D60E2089-E752-4426-9380-A1B34D69F374}.Release|Any CPU.Build.0 = Release|Any CPU
		{B409F783-5FDD-4B81-83B4-A69B37A38A6E}.Debug|Any CPU.ActiveCfg = Debug|Any CPU
		{B409F783-5FDD-4B81-83B4-A69B37A38A6E}.Debug|Any CPU.Build.0 = Debug|Any CPU
		{B409F783-5FDD-4B81-83B4-A69B37A38A6E}.Release|Any CPU.ActiveCfg = Release|Any CPU
		{B409F783-5FDD-4B81-83B4-A69B37A38A6E}.Release|Any CPU.Build.0 = Release|Any CPU
		{8BC56388-5B63-400D-883E-19D4E8C6E5E0}.Debug|Any CPU.ActiveCfg = Debug|Any CPU
		{8BC56388-5B63-400D-883E-19D4E8C6E5E0}.Debug|Any CPU.Build.0 = Debug|Any CPU
		{8BC56388-5B63-400D-883E-19D4E8C6E5E0}.Release|Any CPU.ActiveCfg = Release|Any CPU
		{8BC56388-5B63-400D-883E-19D4E8C6E5E0}.Release|Any CPU.Build.0 = Release|Any CPU
		{FA86A9B9-2064-4616-9C67-1521766E7109}.Debug|Any CPU.ActiveCfg = Debug|Any CPU
		{FA86A9B9-2064-4616-9C67-1521766E7109}.Debug|Any CPU.Build.0 = Debug|Any CPU
		{FA86A9B9-2064-4616-9C67-1521766E7109}.Release|Any CPU.ActiveCfg = Release|Any CPU
		{FA86A9B9-2064-4616-9C67-1521766E7109}.Release|Any CPU.Build.0 = Release|Any CPU
		{2F2A14A6-805D-43D5-91E7-BD682B88F3AF}.Debug|Any CPU.ActiveCfg = Debug|Any CPU
		{2F2A14A6-805D-43D5-91E7-BD682B88F3AF}.Debug|Any CPU.Build.0 = Debug|Any CPU
		{2F2A14A6-805D-43D5-91E7-BD682B88F3AF}.Release|Any CPU.ActiveCfg = Release|Any CPU
		{2F2A14A6-805D-43D5-91E7-BD682B88F3AF}.Release|Any CPU.Build.0 = Release|Any CPU
	EndGlobalSection
	GlobalSection(SolutionProperties) = preSolution
		HideSolutionNode = FALSE
	EndGlobalSection
	GlobalSection(NestedProjects) = preSolution
		{02F1BAA3-0997-46D9-82EA-5306BAA050B4} = {402AAB9D-7079-4BC1-9919-8BB38D9413D7}
		{FFFD073A-15F3-4D10-B0BA-78720DFF794C} = {402AAB9D-7079-4BC1-9919-8BB38D9413D7}
		{8817CD1C-E3DA-4CD6-B9ED-668EAC3A0EFA} = {402AAB9D-7079-4BC1-9919-8BB38D9413D7}
		{CF75497C-71A5-42AF-882A-79F626E0CF8A} = {402AAB9D-7079-4BC1-9919-8BB38D9413D7}
		{BACB585B-B0FD-4B0C-AECD-281685F58954} = {CF75497C-71A5-42AF-882A-79F626E0CF8A}
		{B73D4345-FD95-4910-89EE-68EA1C70308C} = {02F1BAA3-0997-46D9-82EA-5306BAA050B4}
		{D60E2089-E752-4426-9380-A1B34D69F374} = {02F1BAA3-0997-46D9-82EA-5306BAA050B4}
		{B409F783-5FDD-4B81-83B4-A69B37A38A6E} = {02F1BAA3-0997-46D9-82EA-5306BAA050B4}
		{8BC56388-5B63-400D-883E-19D4E8C6E5E0} = {02F1BAA3-0997-46D9-82EA-5306BAA050B4}
		{FA86A9B9-2064-4616-9C67-1521766E7109} = {02F1BAA3-0997-46D9-82EA-5306BAA050B4}
		{2F2A14A6-805D-43D5-91E7-BD682B88F3AF} = {FFFD073A-15F3-4D10-B0BA-78720DFF794C}
	EndGlobalSection
	GlobalSection(ExtensibilityGlobals) = postSolution
		SolutionGuid = {C548BB6B-5F50-4DF0-ACBB-4E6192760E08}
	EndGlobalSection
EndGlobal
