Microsoft Visual Studio Solution File, Format Version 12.00
# Visual Studio Version 18
VisualStudioVersion = 18.5.11723.231
MinimumVisualStudioVersion = 10.0.40219.1
Project("{2150E333-8FDC-42A3-9474-1A3956D46DE8}") = "src", "src", "{402AAB9D-7079-4BC1-9919-8BB38D9413D7}"
EndProject
Project("{2150E333-8FDC-42A3-9474-1A3956D46DE8}") = "tests", "tests", "{78DC82E6-0F54-4A7F-8ECC-FD4E746D7394}"
EndProject
Project("{2150E333-8FDC-42A3-9474-1A3956D46DE8}") = "Core", "Core", "{02F1BAA3-0997-46D9-82EA-5306BAA050B4}"
EndProject
Project("{2150E333-8FDC-42A3-9474-1A3956D46DE8}") = "Web", "Web", "{FFFD073A-15F3-4D10-B0BA-78720DFF794C}"
EndProject
Project("{2150E333-8FDC-42A3-9474-1A3956D46DE8}") = "Modules", "Modules", "{8817CD1C-E3DA-4CD6-B9ED-668EAC3A0EFA}"
EndProject
Project("{2150E333-8FDC-42A3-9474-1A3956D46DE8}") = "Common", "Common", "{CF75497C-71A5-42AF-882A-79F626E0CF8A}"
EndProject
Project("{FAE04EC0-301F-11D3-BF4B-00C04F79EFBC}") = "Common", "src\Common\Common.csproj", "{BACB585B-B0FD-4B0C-AECD-281685F58954}"
EndProject
Project("{FAE04EC0-301F-11D3-BF4B-00C04F79EFBC}") = "Core.Application", "src\Core\Core.Application\Core.Application.csproj", "{B73D4345-FD95-4910-89EE-68EA1C70308C}"
EndProject
Project("{FAE04EC0-301F-11D3-BF4B-00C04F79EFBC}") = "Core.Domain", "src\Core\Core.Domain\Core.Domain.csproj", "{D60E2089-E752-4426-9380-A1B34D69F374}"
EndProject
Project("{FAE04EC0-301F-11D3-BF4B-00C04F79EFBC}") = "Core.Infrastructure", "src\Core\Core.Infrastructure\Core.Infrastructure.csproj", "{B409F783-5FDD-4B81-83B4-A69B37A38A6E}"
EndProject
Project("{FAE04EC0-301F-11D3-BF4B-00C04F79EFBC}") = "Core.Persistence", "src\Core\Core.Persistence\Core.Persistence.csproj", "{8BC56388-5B63-400D-883E-19D4E8C6E5E0}"
EndProject
Project("{FAE04EC0-301F-11D3-BF4B-00C04F79EFBC}") = "Core.Shared", "src\Core\Core.Shared\Core.Shared.csproj", "{FA86A9B9-2064-4616-9C67-1521766E7109}"
EndProject
Project("{FAE04EC0-301F-11D3-BF4B-00C04F79EFBC}") = "Jogueja.Api", "src\Web\Jogueja.Api\Jogueja.Api.csproj", "{2F2A14A6-805D-43D5-91E7-BD682B88F3AF}"
EndProject
Project("{2150E333-8FDC-42A3-9474-1A3956D46DE8}") = "Players", "Players", "{A1B2C3D4-E5F6-7890-ABCD-EF1234567890}"
EndProject
Project("{2150E333-8FDC-42A3-9474-1A3956D46DE8}") = "CourtOwners", "CourtOwners", "{B2C3D4E5-F6A7-8901-BCDE-F12345678901}"
EndProject
Project("{FAE04EC0-301F-11D3-BF4B-00C04F79EFBC}") = "Players.Domain", "src\Modules\Players\Players.Domain\Players.Domain.csproj", "{C3D4E5F6-A7B8-9012-CDEF-123456789012}"
EndProject
Project("{FAE04EC0-301F-11D3-BF4B-00C04F79EFBC}") = "Players.Application", "src\Modules\Players\Players.Application\Players.Application.csproj", "{D4E5F6A7-B8C9-0123-DEF0-234567890123}"
EndProject
Project("{FAE04EC0-301F-11D3-BF4B-00C04F79EFBC}") = "Players.Persistence", "src\Modules\Players\Players.Persistence\Players.Persistence.csproj", "{E5F6A7B8-C9D0-1234-EF01-345678901234}"
EndProject
Project("{FAE04EC0-301F-11D3-BF4B-00C04F79EFBC}") = "CourtOwners.Domain", "src\Modules\CourtOwners\CourtOwners.Domain\CourtOwners.Domain.csproj", "{F6A7B8C9-D0E1-2345-F012-456789012345}"
EndProject
Project("{FAE04EC0-301F-11D3-BF4B-00C04F79EFBC}") = "CourtOwners.Application", "src\Modules\CourtOwners\CourtOwners.Application\CourtOwners.Application.csproj", "{A7B8C9D0-E1F2-3456-0123-567890123456}"
EndProject
Project("{FAE04EC0-301F-11D3-BF4B-00C04F79EFBC}") = "CourtOwners.Persistence", "src\Modules\CourtOwners\CourtOwners.Persistence\CourtOwners.Persistence.csproj", "{B8C9D0E1-F2A3-4567-1234-678901234567}"
EndProject
Project("{FAE04EC0-301F-11D3-BF4B-00C04F79EFBC}") = "Core.Endpoints", "src\Core\Core.Endpoints\Core.Endpoints.csproj", "{5DE1816B-4C19-4F7C-B4B8-1E7AA530FDAF}"
EndProject
Global
	GlobalSection(SolutionConfigurationPlatforms) = preSolution
		Debug|Any CPU = Debug|Any CPU
		Release|Any CPU = Release|Any CPU
	EndGlobalSection
	GlobalSection(ProjectConfigurationPlatforms) = postSolution
		{BACB585B-B0FD-4B0C-AECD-281685F58954}.Debug|Any CPU.ActiveCfg = Debug|Any CPU
		{BACB585B-B0FD-4B0C-AECD-281685F58954}.Debug|Any CPU.Build.0 = Debug|Any CPU
		{BACB585B-B0FD-4B0C-AECD-281685F58954}.Release|Any CPU.ActiveCfg = Release|Any CPU
		{BACB585B-B0FD-4B0C-AECD-281685F58954}.Release|Any CPU.Build.0 = Release|Any CPU
		{B73D4345-FD95-4910-89EE-68EA1C70308C}.Debug|Any CPU.ActiveCfg = Debug|Any CPU
		{B73D4345-FD95-4910-89EE-68EA1C70308C}.Debug|Any CPU.Build.0 = Debug|Any CPU
		{B73D4345-FD95-4910-89EE-68EA1C70308C}.Release|Any CPU.ActiveCfg = Release|Any CPU
		{B73D4345-FD95-4910-89EE-68EA1C70308C}.Release|Any CPU.Build.0 = Release|Any CPU
		{D60E2089-E752-4426-9380-A1B34D69F374}.Debug|Any CPU.ActiveCfg = Debug|Any CPU
		{D60E2089-E752-4426-9380-A1B34D69F374}.Debug|Any CPU.Build.0 = Debug|Any CPU
		{D60E2089-E752-4426-9380-A1B34D69F374}.Release|Any CPU.ActiveCfg = Release|Any CPU
		{D60E2089-E752-4426-9380-A1B34D69F374}.Release|Any CPU.Build.0 = Release|Any CPU
		{B409F783-5FDD-4B81-83B4-A69B37A38A6E}.Debug|Any CPU.ActiveCfg = Debug|Any CPU
		{B409F783-5FDD-4B81-83B4-A69B37A38A6E}.Debug|Any CPU.Build.0 = Debug|Any CPU
		{B409F783-5FDD-4B81-83B4-A69B37A38A6E}.Release|Any CPU.ActiveCfg = Release|Any CPU
		{B409F783-5FDD-4B81-83B4-A69B37A38A6E}.Release|Any CPU.Build.0 = Release|Any CPU
		{8BC56388-5B63-400D-883E-19D4E8C6E5E0}.Debug|Any CPU.ActiveCfg = Debug|Any CPU
		{8BC56388-5B63-400D-883E-19D4E8C6E5E0}.Debug|Any CPU.Build.0 = Debug|Any CPU
		{8BC56388-5B63-400D-883E-19D4E8C6E5E0}.Release|Any CPU.ActiveCfg = Release|Any CPU
		{8BC56388-5B63-400D-883E-19D4E8C6E5E0}.Release|Any CPU.Build.0 = Release|Any CPU
		{FA86A9B9-2064-4616-9C67-1521766E7109}.Debug|Any CPU.ActiveCfg = Debug|Any CPU
		{FA86A9B9-2064-4616-9C67-1521766E7109}.Debug|Any CPU.Build.0 = Debug|Any CPU
		{FA86A9B9-2064-4616-9C67-1521766E7109}.Release|Any CPU.ActiveCfg = Release|Any CPU
		{FA86A9B9-2064-4616-9C67-1521766E7109}.Release|Any CPU.Build.0 = Release|Any CPU
		{2F2A14A6-805D-43D5-91E7-BD682B88F3AF}.Debug|Any CPU.ActiveCfg = Debug|Any CPU
		{2F2A14A6-805D-43D5-91E7-BD682B88F3AF}.Debug|Any CPU.Build.0 = Debug|Any CPU
		{2F2A14A6-805D-43D5-91E7-BD682B88F3AF}.Release|Any CPU.ActiveCfg = Release|Any CPU
		{2F2A14A6-805D-43D5-91E7-BD682B88F3AF}.Release|Any CPU.Build.0 = Release|Any CPU
		{C3D4E5F6-A7B8-9012-CDEF-123456789012}.Debug|Any CPU.ActiveCfg = Debug|Any CPU
		{C3D4E5F6-A7B8-9012-CDEF-123456789012}.Debug|Any CPU.Build.0 = Debug|Any CPU
		{C3D4E5F6-A7B8-9012-CDEF-123456789012}.Release|Any CPU.ActiveCfg = Release|Any CPU
		{C3D4E5F6-A7B8-9012-CDEF-123456789012}.Release|Any CPU.Build.0 = Release|Any CPU
		{D4E5F6A7-B8C9-0123-DEF0-234567890123}.Debug|Any CPU.ActiveCfg = Debug|Any CPU
		{D4E5F6A7-B8C9-0123-DEF0-234567890123}.Debug|Any CPU.Build.0 = Debug|Any CPU
		{D4E5F6A7-B8C9-0123-DEF0-234567890123}.Release|Any CPU.ActiveCfg = Release|Any CPU
		{D4E5F6A7-B8C9-0123-DEF0-234567890123}.Release|Any CPU.Build.0 = Release|Any CPU
		{E5F6A7B8-C9D0-1234-EF01-345678901234}.Debug|Any CPU.ActiveCfg = Debug|Any CPU
		{E5F6A7B8-C9D0-1234-EF01-345678901234}.Debug|Any CPU.Build.0 = Debug|Any CPU
		{E5F6A7B8-C9D0-1234-EF01-345678901234}.Release|Any CPU.ActiveCfg = Release|Any CPU
		{E5F6A7B8-C9D0-1234-EF01-345678901234}.Release|Any CPU.Build.0 = Release|Any CPU
		{F6A7B8C9-D0E1-2345-F012-456789012345}.Debug|Any CPU.ActiveCfg = Debug|Any CPU
		{F6A7B8C9-D0E1-2345-F012-456789012345}.Debug|Any CPU.Build.0 = Debug|Any CPU
		{F6A7B8C9-D0E1-2345-F012-456789012345}.Release|Any CPU.ActiveCfg = Release|Any CPU
		{F6A7B8C9-D0E1-2345-F012-456789012345}.Release|Any CPU.Build.0 = Release|Any CPU
		{A7B8C9D0-E1F2-3456-0123-567890123456}.Debug|Any CPU.ActiveCfg = Debug|Any CPU
		{A7B8C9D0-E1F2-3456-0123-567890123456}.Debug|Any CPU.Build.0 = Debug|Any CPU
		{A7B8C9D0-E1F2-3456-0123-567890123456}.Release|Any CPU.ActiveCfg = Release|Any CPU
		{A7B8C9D0-E1F2-3456-0123-567890123456}.Release|Any CPU.Build.0 = Release|Any CPU
		{B8C9D0E1-F2A3-4567-1234-678901234567}.Debug|Any CPU.ActiveCfg = Debug|Any CPU
		{B8C9D0E1-F2A3-4567-1234-678901234567}.Debug|Any CPU.Build.0 = Debug|Any CPU
		{B8C9D0E1-F2A3-4567-1234-678901234567}.Release|Any CPU.ActiveCfg = Release|Any CPU
		{B8C9D0E1-F2A3-4567-1234-678901234567}.Release|Any CPU.Build.0 = Release|Any CPU
		{5DE1816B-4C19-4F7C-B4B8-1E7AA530FDAF}.Debug|Any CPU.ActiveCfg = Debug|Any CPU
		{5DE1816B-4C19-4F7C-B4B8-1E7AA530FDAF}.Debug|Any CPU.Build.0 = Debug|Any CPU
		{5DE1816B-4C19-4F7C-B4B8-1E7AA530FDAF}.Release|Any CPU.ActiveCfg = Release|Any CPU
		{5DE1816B-4C19-4F7C-B4B8-1E7AA530FDAF}.Release|Any CPU.Build.0 = Release|Any CPU
	EndGlobalSection
	GlobalSection(SolutionProperties) = preSolution
		HideSolutionNode = FALSE
	EndGlobalSection
	GlobalSection(NestedProjects) = preSolution
		{02F1BAA3-0997-46D9-82EA-5306BAA050B4} = {402AAB9D-7079-4BC1-9919-8BB38D9413D7}
		{FFFD073A-15F3-4D10-B0BA-78720DFF794C} = {402AAB9D-7079-4BC1-9919-8BB38D9413D7}
		{8817CD1C-E3DA-4CD6-B9ED-668EAC3A0EFA} = {402AAB9D-7079-4BC1-9919-8BB38D9413D7}
		{CF75497C-71A5-42AF-882A-79F626E0CF8A} = {402AAB9D-7079-4BC1-9919-8BB38D9413D7}
		{BACB585B-B0FD-4B0C-AECD-281685F58954} = {CF75497C-71A5-42AF-882A-79F626E0CF8A}
		{B73D4345-FD95-4910-89EE-68EA1C70308C} = {02F1BAA3-0997-46D9-82EA-5306BAA050B4}
		{D60E2089-E752-4426-9380-A1B34D69F374} = {02F1BAA3-0997-46D9-82EA-5306BAA050B4}
		{B409F783-5FDD-4B81-83B4-A69B37A38A6E} = {02F1BAA3-0997-46D9-82EA-5306BAA050B4}
		{8BC56388-5B63-400D-883E-19D4E8C6E5E0} = {02F1BAA3-0997-46D9-82EA-5306BAA050B4}
		{FA86A9B9-2064-4616-9C67-1521766E7109} = {02F1BAA3-0997-46D9-82EA-5306BAA050B4}
		{2F2A14A6-805D-43D5-91E7-BD682B88F3AF} = {FFFD073A-15F3-4D10-B0BA-78720DFF794C}
		{A1B2C3D4-E5F6-7890-ABCD-EF1234567890} = {8817CD1C-E3DA-4CD6-B9ED-668EAC3A0EFA}
		{B2C3D4E5-F6A7-8901-BCDE-F12345678901} = {8817CD1C-E3DA-4CD6-B9ED-668EAC3A0EFA}
		{C3D4E5F6-A7B8-9012-CDEF-123456789012} = {A1B2C3D4-E5F6-7890-ABCD-EF1234567890}
		{D4E5F6A7-B8C9-0123-DEF0-234567890123} = {A1B2C3D4-E5F6-7890-ABCD-EF1234567890}
		{E5F6A7B8-C9D0-1234-EF01-345678901234} = {A1B2C3D4-E5F6-7890-ABCD-EF1234567890}
		{F6A7B8C9-D0E1-2345-F012-456789012345} = {B2C3D4E5-F6A7-8901-BCDE-F12345678901}
		{A7B8C9D0-E1F2-3456-0123-567890123456} = {B2C3D4E5-F6A7-8901-BCDE-F12345678901}
		{B8C9D0E1-F2A3-4567-1234-678901234567} = {B2C3D4E5-F6A7-8901-BCDE-F12345678901}
		{5DE1816B-4C19-4F7C-B4B8-1E7AA530FDAF} = {02F1BAA3-0997-46D9-82EA-5306BAA050B4}
	EndGlobalSection
	GlobalSection(ExtensibilityGlobals) = postSolution
		SolutionGuid = {C548BB6B-5F50-4DF0-ACBB-4E6192760E08}
	EndGlobalSection
EndGlobal
